github.com/AlekSi/pointer v1.0.0 h1:KWCWzsvFxNLcmM5XmiqHsGTTsuwZMsLFwWF9Y+//bNE=
github.com/AlekSi/pointer v1.0.0/go.mod h1:1kjywbfcPFCmncIxtk6fIEub6LKrfMz3gc5QKVOSOA8=
github.com/armon/consul-api v0.0.0-20180202201655-eb2c6b5be1b6/go.mod h1:grANhF5doyWs3UAsr3K4I6qtAmlQcZDesFNEHPZAzj8=
github.com/aws/aws-sdk-go v1.15.46 h1:gX48KxOq3XtZKDdtkBFTh/emUuxVUX22sbfO2wa/7d0=
github.com/aws/aws-sdk-go v1.15.46/go.mod h1:mFuSZ37Z9YOHbQEwBWztmVzqXrEkub65tZoCYDt7FT0=
github.com/coreos/etcd v3.3.10+incompatible/go.mod h1:uF7uidLiAD3TWHmW31ZFd/JWoc32PjwdhPthX9715RE=
github.com/coreos/go-etcd v2.0.0+incompatible/go.mod h1:Jez6KQU2B/sWsbdaef3ED8NzMklzPG4d5KIOhIy30Tk=
github.com/coreos/go-semver v0.2.0/go.mod h1:nnelYz7RCh+5ahJtPPxZlU+153eP4D4r3EedlOD2RNk=
github.com/davecgh/go-spew v1.1.0/go.mod h1:J7Y8YcW2NihsgmVo/mv3lAwl/skON4iLHjSsI+c5H38=
github.com/davecgh/go-spew v1.1.1 h1:vj9j/u1bqnvCEfJOwUhtlOARqs3+rkHYY13jYWTU97c=
github.com/davecgh/go-spew v1.1.1/go.mod h1:J7Y8YcW2NihsgmVo/mv3lAwl/skON4iLHjSsI+c5H38=
github.com/fsnotify/fsnotify v1.4.7 h1:IXs+QLmnXW2CcXuY+8Mzv/fWEsPGWxqefPtCP5CnV9I=
github.com/fsnotify/fsnotify v1.4.7/go.mod h1:jwhsz4b93w/PPRr/qN1Yymfu8t87LnFCMoQvtojpjFo=
github.com/go-ini/ini v1.25.4/go.mod h1:ByCAeIL28uOIIG0E3PJtZPDL8WnHpFKFOtgjp+3Ies8=
github.com/go-ini/ini v1.38.3 h1:CclkQtfmOJadMVMYepq1DkVSYw2jf/0BTvjNBHth5xY=
github.com/go-ini/ini v1.38.3/go.mod h1:ByCAeIL28uOIIG0E3PJtZPDL8WnHpFKFOtgjp+3Ies8=
github.com/go-sql-driver/mysql v1.4.1 h1:g24URVg0OFbNUTx9qqY1IRZ9D9z3iPyi5zKhQZpNwpA=
github.com/go-sql-driver/mysql v1.4.1/go.mod h1:zAC/RDZ24gD3HViQzih4MyKcchzm+sOG5ZlKdlhCg5w=
github.com/golang/protobuf v1.2.0/go.mod h1:6lQm79b+lXiMfvg/cZm0SGofjICqVBUtrP5yJMmIC1U=
github.com/google/go-cmp v0.0.0-20180911194814-875f8df8b796/go.mod h1:oXzfMopK8JAjlY9xF4vHSVASa0yLyX7SntLO5aqRK0M=
github.com/google/go-cmp v0.2.0 h1:+dTQ8DZQJz0Mb/HjFlkptS1FeQ4cWSnN941F8aEG4SQ=
github.com/google/go-cmp v0.2.0/go.mod h1:oXzfMopK8JAjlY9xF4vHSVASa0yLyX7SntLO5aqRK0M=
github.com/google/uuid v1.1.1 h1:Gkbcsh/GbpXz7lPftLA3P6TYMwjCLYm83jiFQZF/3gY=
github.com/google/uuid v1.1.1/go.mod h1:TIyPZe4MgqvfeYDBFedMoGGpEw/LqOeaOT+nhxU+yHo=
github.com/gorilla/context v1.1.1 h1:AWwleXJkX/nhcU9bZSnZoi3h/qGYqQAGhq6zZe/aQW8=
github.com/gorilla/context v1.1.1/go.mod h1:kBGZzfjB9CEq2AlWe17Uuf7NDRt0dE0s8S51q0aT7Yg=
github.com/gorilla/mux v1.6.2 h1:Pgr17XVTNXAk3q/r4CpKzC5xBM/qW1uVLV+IhRZpIIk=
github.com/gorilla/mux v1.6.2/go.mod h1:1lud6UwP+6orDFRuTfBEV8e9/aOM/c4fVVCaMa2zaAs=
github.com/hashicorp/hcl v1.0.0 h1:0Anlzjpi4vEasTeNFn2mLJgTSwt0+6sfsiTG8qcWGx4=
github.com/hashicorp/hcl v1.0.0/go.mod h1:E5yfLk+7swimpb2L/Alb/PJmXilQ/rhwaUYs4T20WEQ=
github.com/inconshreveable/mousetrap v1.0.0 h1:Z8tu5sraLXCXIcARxBp/8cbvlwVa7Z1NHg9XEKhtSvM=
github.com/inconshreveable/mousetrap v1.0.0/go.mod h1:PxqpIevigyE2G7u3NXJIT2ANytuPF1OarO4DADm73n8=
github.com/jmespath/go-jmespath v0.0.0-20160202185014-0b12d6b521d8 h1:12VvqtR6Aowv3l/EQUlocDHW2Cp4G9WJVH7uyH8QFJE=
github.com/jmespath/go-jmespath v0.0.0-20160202185014-0b12d6b521d8/go.mod h1:Nht3zPeWKUH0NzdCt2Blrr5ys8VGpn0CEB0cQHVjt7k=
github.com/julienschmidt/httprouter v1.2.0 h1:TDTW5Yz1mjftljbcKqRcrYhd4XeOoI98t+9HbQbYf7g=
github.com/julienschmidt/httprouter v1.2.0/go.mod h1:SYymIcj16QtmaHHD7aYtjjsJG7VTCxuUUipMqKk8s4w=
github.com/magiconair/properties v1.8.0 h1:LLgXmsheXeRoUOBOjtwPQCWIYqM/LU1ayDtDePerRcY=
github.com/magiconair/properties v1.8.0/go.mod h1:PppfXfuXeibc/6YijjN8zIbojt8czPbwD3XqdrwzmxQ=
github.com/mdlayher/genetlink v0.0.0-20180728170340-ca85b5a30744/go.mod h1:EOrmeik1bDMaRduo2B+uAYe1HmTq6yF2IMDmJi1GoWk=
github.com/mdlayher/genetlink v0.0.0-20180917171408-7615bc153978 h1:tC5iKGVD0TDZhKsBarp21Qox0Czip4m4i8kxfiqmqgY=
github.com/mdlayher/genetlink v0.0.0-20180917171408-7615bc153978/go.mod h1:EOrmeik1bDMaRduo2B+uAYe1HmTq6yF2IMDmJi1GoWk=
github.com/mdlayher/genetlink v0.0.0-20190313224034-60417448a851/go.mod h1:EsbsAEUEs15qC1cosAwxgCWV0Qhd8TmkxnA9Kw1Vhl4=
github.com/mdlayher/netlink v0.0.0-20180810152804-80a6f93efd37/go.mod h1:a3TlQHkJH2m32RF224Z7LhD5N4mpyR8eUbCoYHywrwg=
github.com/mdlayher/netlink v0.0.0-20180920202405-794849f2d5bf h1:lYA2LopQshi99ahuhhIyfvWRC9IzHRtC9Bk1OSP436w=
github.com/mdlayher/netlink v0.0.0-20180920202405-794849f2d5bf/go.mod h1:a3TlQHkJH2m32RF224Z7LhD5N4mpyR8eUbCoYHywrwg=
github.com/mdlayher/netlink v0.0.0-20190313131330-258ea9dff42c/go.mod h1:eQB3mZE4aiYnlUsyGGCOpPETfdQq4Jhsgf1fk3cwQaA=
github.com/mdlayher/taskstats v0.0.0-20180815144054-2addfb90f494/go.mod h1:MnJpzX3tKwNHx1lNjupG9azS8ji8YeSyuZzJX+ZaJ9o=
github.com/mdlayher/taskstats v0.0.0-20190313225729-7cbba52ee072/go.mod h1:sGdS7A6CAETR53zkdjGkgoFlh1vSm7MtX+i8XfEsTMA=
github.com/mitchellh/mapstructure v1.1.2 h1:fmNYVwqnSfB9mZU6OS2O6GsXM+wcskZDuKQzvN1EDeE=
github.com/mitchellh/mapstructure v1.1.2/go.mod h1:FVVH3fgwuzCH5S8UJGiWEs2h04kUh9fWfEaFds41c1Y=
github.com/pelletier/go-toml v1.2.0 h1:T5zMGML61Wp+FlcbWjRDT7yAxhJNAiPPLOFECq181zc=
github.com/pelletier/go-toml v1.2.0/go.mod h1:5z9KED0ma1S8pY6P1sdut58dfprrGBbd/94hg7ilaic=
github.com/pkg/errors v0.0.0-20180911062113-c059e472caf7/go.mod h1:bwawxfHBFNV+L2hUp1rHADufV3IMtnDRdf1r5NINEl0=
github.com/pkg/errors v0.8.0 h1:WdK/asTD0HN+q6hsWO3/vpuAkAr+tw6aNJNDFFf0+qw=
github.com/pkg/errors v0.8.0/go.mod h1:bwawxfHBFNV+L2hUp1rHADufV3IMtnDRdf1r5NINEl0=
github.com/pmezard/go-difflib v1.0.0 h1:4DBwDE0NGyQoBHbLQYPwSUPoCMWR5BEzIk/f1lZbAQM=
github.com/pmezard/go-difflib v1.0.0/go.mod h1:iKH77koFhYxTK1pcRnkKkqfTogsbg7gZNVY4sRDYZ/4=
github.com/segmentio/conf v1.0.0 h1:oRF4BtoJbI/+I7fUngYMnMcKFbjqVUFi8hv4Pp0l88w=
github.com/segmentio/conf v1.0.0/go.mod h1:y0VyxYAlU2slxCjm7XX7tGKFlN39bwHCZrbOpCcLsr8=
github.com/segmentio/errors-go v1.0.0 h1:B4mbo4hP3+XffV1GhwyAcHlvWoZtYdTyc3BOVPxspTQ=
github.com/segmentio/errors-go v1.0.0/go.mod h1:RDVEREUrpa4/jM8rt5KsQpu+JoXPi6i07vG7m4tX0MY=
github.com/segmentio/events v0.0.0-20180910023553-a3cc374e8b73 h1:0vMFamyYH/PIYDQHtjFV+uDL0/j1A3+90/d+MytM2ZQ=
github.com/segmentio/events v0.0.0-20180910023553-a3cc374e8b73/go.mod h1:JAZRiF/XVcxMrOv+J6xvnyEQbUsJNq9weNDN8pYLpXc=
github.com/segmentio/fasthash v0.0.0-20180216231524-a72b379d632e h1:uO75wNGioszjmIzcY/tvdDYKRLVvzggtAmmJkn9j4GQ=
github.com/segmentio/fasthash v0.0.0-20180216231524-a72b379d632e/go.mod h1:tm/wZFQ8e24NYaBGIlnO2WGCAi67re4HHuOm0sftE/M=
github.com/segmentio/go-snakecase v1.0.0 h1:FSeHpP0sBL3O+MCpxvQZrS5a51WAki6gposZuwVE9L4=
github.com/segmentio/go-snakecase v1.0.0/go.mod h1:jk1miR5MS7Na32PZUykG89Arm+1BUSYhuGR6b7+hJto=
github.com/segmentio/go-sqlite3 v1.9.1-0.20190912141047-d8b9a2b17d60 h1:x0oNYSWO9YNKPnaUO9UUw7KEtwj7WiPItUJlZleRF8w=
github.com/segmentio/go-sqlite3 v1.9.1-0.20190912141047-d8b9a2b17d60/go.mod h1:z/iftdsESjnobPNbO6U17aiq8MTcYsA6SxzhLHCJVSE=
github.com/segmentio/go-sqlite3 v1.9.1 h1:zgy7sgxQQLwb9Xj0JYADMa/z9ii9C2jzFIBqx/p2QmM=
github.com/segmentio/go-sqlite3 v1.9.1/go.mod h1:z/iftdsESjnobPNbO6U17aiq8MTcYsA6SxzhLHCJVSE=
github.com/segmentio/go-sqlite3 v1.9.2-0.20190912151732-d6c2d79f4a5d h1:VowCQh7nVu05vdIZ1HX+QtHfXQJ9vySd++7aJb3b3ro=
github.com/segmentio/go-sqlite3 v1.9.2-0.20190912151732-d6c2d79f4a5d/go.mod h1:z/iftdsESjnobPNbO6U17aiq8MTcYsA6SxzhLHCJVSE=
github.com/segmentio/go-sqlite3 v1.11.1 h1:wsEA3eAtAYh3L/BkQ3armFwJ6hg4fwJB6o/pumhLQ5E=
github.com/segmentio/go-sqlite3 v1.11.1/go.mod h1:z/iftdsESjnobPNbO6U17aiq8MTcYsA6SxzhLHCJVSE=
github.com/segmentio/objconv v0.0.0-20180216231955-8998c9cea5fb/go.mod h1:l6IU9rGW/wpM+MUyfJLDCoJ+XXAv6wbpkqej46ESQ6g=
github.com/segmentio/objconv v1.0.0/go.mod h1:l6IU9rGW/wpM+MUyfJLDCoJ+XXAv6wbpkqej46ESQ6g=
github.com/segmentio/objconv v1.0.1 h1:QjfLzwriJj40JibCV3MGSEiAoXixbp4ybhwfTB8RXOM=
github.com/segmentio/objconv v1.0.1/go.mod h1:auayaH5k3137Cl4SoXTgrzQcuQDmvuVtZgS0fb1Ahys=
github.com/segmentio/stats v0.0.0-20180910023949-03436e32c942 h1:Fssdk2smdIycFsjWMmbLd3CkA3ANzxekMUEsRmajP9o=
github.com/segmentio/stats v0.0.0-20180910023949-03436e32c942/go.mod h1:sRxY5Jg5epV9lT3Fm0bfRkTbB5Jn1xkpNmANPowDUvw=
github.com/segmentio/stats v4.1.0+incompatible h1:Sz7ypAORgiXoR8x8VNIOKYoVpJUIeHGt/2UDMjjRFuo=
github.com/segmentio/stats/v4 v4.5.2 h1:9uPA7f+OsnLWaTKlCgDS2qswzS9k1Yljf1Spxbvg/OQ=
github.com/segmentio/stats/v4 v4.5.2/go.mod h1:LsaahUJR7iiSs8mnkvQvdQ/RLHAS5adGLxuntg0ydGo=
github.com/segmentio/taskstats v0.0.0-20180727163836-237d1d6b109d/go.mod h1:RRsP8O2UBzJhn2Et6+04bTn263Lf71PLEN13YcehPF0=
github.com/segmentio/taskstats v0.0.0-20180810220338-a98a7e99006d h1:h0ivoQvLx1o3Ou/z2CgboTCye3q4T8AqTJKKMvr2pJY=
github.com/segmentio/taskstats v0.0.0-20180810220338-a98a7e99006d/go.mod h1:RRsP8O2UBzJhn2Et6+04bTn263Lf71PLEN13YcehPF0=
github.com/spf13/afero v1.1.2/go.mod h1:j4pytiNVoe2o6bmDsKpLACNPDBIoEAkihy7loJ1B0CQ=
github.com/spf13/afero v1.2.1 h1:qgMbHoJbPbw579P+1zVY+6n4nIFuIchaIjzZ/I/Yq8M=
github.com/spf13/afero v1.2.1/go.mod h1:9ZxEEn6pIJ8Rxe320qSDBk6AsU0r9pR7Q4OcevTdifk=
github.com/spf13/cast v1.3.0 h1:oget//CVOEoFewqQxwr0Ej5yjygnqGkvggSE/gB35Q8=
github.com/spf13/cast v1.3.0/go.mod h1:Qx5cxh0v+4UWYiBimWS+eyWzqEqokIECu5etghLkUJE=
github.com/spf13/cobra v0.0.3 h1:ZlrZ4XsMRm04Fr5pSFxBgfND2EBVa1nLpiy1stUsX/8=
github.com/spf13/cobra v0.0.3/go.mod h1:1l0Ry5zgKvJasoi3XT1TypsSe7PqH0Sj9dhYf7v3XqQ=
github.com/spf13/jwalterweatherman v1.0.0/go.mod h1:cQK4TGJAtQXfYWX+Ddv3mKDzgVb68N+wFjFa4jdeBTo=
github.com/spf13/jwalterweatherman v1.1.0 h1:ue6voC5bR5F8YxI5S67j9i582FU4Qvo2bmqnqMYADFk=
github.com/spf13/jwalterweatherman v1.1.0/go.mod h1:aNWZUN0dPAAO/Ljvb5BEdw96iTZ0EXowPYD95IqWIGo=
github.com/spf13/pflag v1.0.2/go.mod h1:DYY7MBk1bdzusC3SYhjObp+wFpr4gzcvqqNjLnInEg4=
github.com/spf13/pflag v1.0.3 h1:zPAT6CGy6wXeQ7NtTnaTerfKOsV6V6F8agHXFiazDkg=
github.com/spf13/pflag v1.0.3/go.mod h1:DYY7MBk1bdzusC3SYhjObp+wFpr4gzcvqqNjLnInEg4=
github.com/spf13/viper v1.3.1 h1:5+8j8FTpnFV4nEImW/ofkzEt8VoOiLXxdYIDsB73T38=
github.com/spf13/viper v1.3.1/go.mod h1:ZiWeW+zYFKm7srdB9IoDzzZXaJaI5eL9QjNiN/DMA2s=
github.com/stretchr/objx v0.1.0/go.mod h1:HFkY916IF+rwdDfMAkV7OtwuqBVzrE8GR6GFx+wExME=
github.com/stretchr/testify v1.2.2 h1:bSDNvY7ZPG5RlJ8otE/7V6gMiyenm9RtJ7IUVIAoJ1w=
github.com/stretchr/testify v1.2.2/go.mod h1:a8OnRcib4nhh0OaRAV+Yts87kKdq0PP7pXfy6kDkUVs=
github.com/stretchr/testify v1.4.0 h1:2E4SXV/wtOkTonXsotYi4li6zVWxYlZuYNCXe9XRJyk=
github.com/stretchr/testify v1.4.0/go.mod h1:j7eGeouHqKxXV5pUuKE4zz7dFj8WfuZ+81PSLYec5m4=
github.com/ugorji/go/codec v0.0.0-20181204163529-d75b2dcb6bc8/go.mod h1:VFNgLljTbGfSG7qAOspJ7OScBnGdDN/yBr0sguwnwf0=
github.com/xordataexchange/crypt v0.0.3-0.20170626215501-b2862e3d0a77/go.mod h1:aYKd//L2LvnjZzWKhF00oedf4jCCReLcmhLdhm1A27Q=
golang.org/x/crypto v0.0.0-20181203042331-505ab145d0a9/go.mod h1:6SG95UA2DQfeDnfUPMdvaQW0Q7yPrPDi9nlGo2tz2b4=
golang.org/x/crypto v0.0.0-20190308221718-c2843e01d9a2/go.mod h1:djNgcEr1/C05ACkg1iLfiJU5Ep61QUkGW8qpdssI0+w=
golang.org/x/net v0.0.0-20180724234803-3673e40ba225/go.mod h1:mL1N/T3taQHkDXs73rZJwtUhF3w3ftmwwsq0BUmARs4=
golang.org/x/net v0.0.0-20180808004115-f9ce57c11b24/go.mod h1:mL1N/T3taQHkDXs73rZJwtUhF3w3ftmwwsq0BUmARs4=
golang.org/x/net v0.0.0-20180926154720-4dfa2610cdf3 h1:dgd4x4kJt7G4k4m93AYLzM8Ni6h2qLTfh9n9vXJT3/0=
golang.org/x/net v0.0.0-20180926154720-4dfa2610cdf3/go.mod h1:mL1N/T3taQHkDXs73rZJwtUhF3w3ftmwwsq0BUmARs4=
golang.org/x/net v0.0.0-20190311183353-d8887717615a/go.mod h1:t9HGtf8HONx5eT2rtn7q6eTqICYqUVnKs3thJo3Qplg=
golang.org/x/net v0.0.0-20190313220215-9f648a60d977/go.mod h1:t9HGtf8HONx5eT2rtn7q6eTqICYqUVnKs3thJo3Qplg=
golang.org/x/sys v0.0.0-20180810173357-98c5dad5d1a0/go.mod h1:STP8DvDyc/dI5b8T5hshtkjS+E42TnysNCUPdjciGhY=
golang.org/x/sys v0.0.0-20180928133829-e4b3c5e90611/go.mod h1:STP8DvDyc/dI5b8T5hshtkjS+E42TnysNCUPdjciGhY=
golang.org/x/sys v0.0.0-20181205085412-a5c9d58dba9a h1:1n5lsVfiQW3yfsRGu98756EH1YthsFqr/5mxHduZW2A=
golang.org/x/sys v0.0.0-20181205085412-a5c9d58dba9a/go.mod h1:STP8DvDyc/dI5b8T5hshtkjS+E42TnysNCUPdjciGhY=
golang.org/x/sys v0.0.0-20190215142949-d0b11bdaac8a/go.mod h1:STP8DvDyc/dI5b8T5hshtkjS+E42TnysNCUPdjciGhY=
golang.org/x/sys v0.0.0-20190312061237-fead79001313/go.mod h1:h1NjWce9XRLGQEsW7wpKNCjG9DtNlClVuFLEZdDNbEs=
golang.org/x/sys v0.0.0-20190624142023-c5567b49c5d0 h1:HyfiK1WMnHj5FXFXatD+Qs1A/xC2Run6RzeW1SyHxpc=
golang.org/x/sys v0.0.0-20190624142023-c5567b49c5d0/go.mod h1:h1NjWce9XRLGQEsW7wpKNCjG9DtNlClVuFLEZdDNbEs=
golang.org/x/text v0.3.0 h1:g61tztE5qeGQ89tm6NTjjM9VPIm088od1l6aSorWRWg=
golang.org/x/text v0.3.0/go.mod h1:NqM8EUOU14njkJ3fqMW+pc6Ldnwhi/IjpwHt7yyuwOQ=
google.golang.org/appengine v1.4.0 h1:/wp5JvzpHIxhs/dumFmF7BXTf3Z+dd4uXta4kVyO508=
google.golang.org/appengine v1.4.0/go.mod h1:xpcJRLb0r/rnEns0DIKYYv+WjYCduHsrkT7/EB5XEv4=
gopkg.in/check.v1 v0.0.0-20161208181325-20d25e280405/go.mod h1:Co6ibVJAznAaIkqp8huTwlJQCZ016jof/cbN4VW5Yz0=
gopkg.in/go-playground/mold.v2 v2.2.0 h1:Y4IYB4/HYQfuq43zaKh6vs9cVelLE9qbqe2fkyfCTWQ=
gopkg.in/go-playground/mold.v2 v2.2.0/go.mod h1:XMyyRsGtakkDPbxXbrA5VODo6bUXyvoDjLd5l3T0XoA=
gopkg.in/validator.v2 v2.0.0-20180514200540-135c24b11c19 h1:WB265cn5OpO+hK3pikC9hpP1zI/KTwmyMFKloW9eOVc=
gopkg.in/validator.v2 v2.0.0-20180514200540-135c24b11c19/go.mod h1:o4V0GXN9/CAmCsvJ0oXYZvrZOe7syiDZSN1GWGZTGzc=
gopkg.in/yaml.v2 v2.2.1/go.mod h1:hI93XBmqTisBFMUTm0b8Fm+jr3Dg1NNxqwp+5A1VGuI=
gopkg.in/yaml.v2 v2.2.2 h1:ZCJp+EgiOT7lHqUV2J862kp8Qj64Jo6az82+3Td9dZw=
gopkg.in/yaml.v2 v2.2.2/go.mod h1:hI93XBmqTisBFMUTm0b8Fm+jr3Dg1NNxqwp+5A1VGuI=
